
Microsoft Visual Studio Solution File, Format Version 12.00
# Visual Studio Version 17
VisualStudioVersion = 17.0.31903.59
MinimumVisualStudioVersion = 10.0.40219.1
Project("{FAE04EC0-301F-11D3-BF4B-00C04F79EFBC}") = "TestServer", "LoginTG\TestServer.csproj", "{F6EC3F34-9C61-4F18-958B-1E9D677B396B}"
EndProject
Project("{FAE04EC0-301F-11D3-BF4B-00C04F79EFBC}") = "Opaq.Network", "Network\Opaq.Network.csproj", "{5995BDA4-EECA-4BC5-A613-B441B0F51A8D}"
EndProject
Project("{FAE04EC0-301F-11D3-BF4B-00C04F79EFBC}") = "Utility", "Logs\Utility.csproj", "{361DCEFE-ACE9-4F29-8B11-6D8EAC1354F5}"
EndProject
Project("{2150E333-8FDC-42A3-9474-1A3956D46DE8}") = "Games", "Games", "{04252BA6-B404-FD3B-81B5-D989EEE58EED}"
EndProject
Project("{FAE04EC0-301F-11D3-BF4B-00C04F79EFBC}") = "Games", "Games\Games\Games.csproj", "{8F1EE537-D8B6-43CD-A562-5D21E8392E8A}"
EndProject
Project("{FAE04EC0-301F-11D3-BF4B-00C04F79EFBC}") = "Poker", "Games\Poker\Poker.csproj", "{A6F2316E-1401-4FCF-8E8A-34219F2886E3}"
EndProject
Project("{FAE04EC0-301F-11D3-BF4B-00C04F79EFBC}") = "Lobby", "Games\Lobby\Lobby.csproj", "{FDD6F50A-3D8C-462F-9882-D08A7F3C9CAA}"
EndProject
Project("{2150E333-8FDC-42A3-9474-1A3956D46DE8}") = "Servers", "Servers", "{DAD03CFC-D5FA-AC94-41C7-9ABAB326F09E}"
EndProject
Project("{FAE04EC0-301F-11D3-BF4B-00C04F79EFBC}") = "Server", "Servers\Server\Server.csproj", "{695CE62C-49EA-482D-A10D-BD8993F85088}"
EndProject
Project("{FAE04EC0-301F-11D3-BF4B-00C04F79EFBC}") = "Server.Dispatcher", "Servers\Server.Dispatcher\Server.Dispatcher.csproj", "{5496A8F5-DF5F-4868-93EE-3C7B1379CED6}"
EndProject
Project("{FAE04EC0-301F-11D3-BF4B-00C04F79EFBC}") = "Server.Games", "Servers\Server.Games\Server.Games.csproj", "{520B5272-F5D2-4B45-8EAF-9B1391FCBC3A}"
EndProject
Project("{FAE04EC0-301F-11D3-BF4B-00C04F79EFBC}") = "Server.Login", "Servers\Server.Login\Server.Login.csproj", "{D72C7507-1014-4FFD-BB61-F03E2B9180EC}"
EndProject
Global
	GlobalSection(SolutionConfigurationPlatforms) = preSolution
		Debug|Any CPU = Debug|Any CPU
		Debug|x64 = Debug|x64
		Debug|x86 = Debug|x86
		Release|Any CPU = Release|Any CPU
		Release|x64 = Release|x64
		Release|x86 = Release|x86
	EndGlobalSection
	GlobalSection(ProjectConfigurationPlatforms) = postSolution
		{F6EC3F34-9C61-4F18-958B-1E9D677B396B}.Debug|Any CPU.ActiveCfg = Debug|Any CPU
		{F6EC3F34-9C61-4F18-958B-1E9D677B396B}.Debug|Any CPU.Build.0 = Debug|Any CPU
		{F6EC3F34-9C61-4F18-958B-1E9D677B396B}.Debug|x64.ActiveCfg = Debug|Any CPU
		{F6EC3F34-9C61-4F18-958B-1E9D677B396B}.Debug|x64.Build.0 = Debug|Any CPU
		{F6EC3F34-9C61-4F18-958B-1E9D677B396B}.Debug|x86.ActiveCfg = Debug|Any CPU
		{F6EC3F34-9C61-4F18-958B-1E9D677B396B}.Debug|x86.Build.0 = Debug|Any CPU
		{F6EC3F34-9C61-4F18-958B-1E9D677B396B}.Release|Any CPU.ActiveCfg = Release|Any CPU
		{F6EC3F34-9C61-4F18-958B-1E9D677B396B}.Release|Any CPU.Build.0 = Release|Any CPU
		{F6EC3F34-9C61-4F18-958B-1E9D677B396B}.Release|x64.ActiveCfg = Release|Any CPU
		{F6EC3F34-9C61-4F18-958B-1E9D677B396B}.Release|x64.Build.0 = Release|Any CPU
		{F6EC3F34-9C61-4F18-958B-1E9D677B396B}.Release|x86.ActiveCfg = Release|Any CPU
		{F6EC3F34-9C61-4F18-958B-1E9D677B396B}.Release|x86.Build.0 = Release|Any CPU
		{5995BDA4-EECA-4BC5-A613-B441B0F51A8D}.Debug|Any CPU.ActiveCfg = Debug|Any CPU
		{5995BDA4-EECA-4BC5-A613-B441B0F51A8D}.Debug|Any CPU.Build.0 = Debug|Any CPU
		{5995BDA4-EECA-4BC5-A613-B441B0F51A8D}.Debug|x64.ActiveCfg = Debug|Any CPU
		{5995BDA4-EECA-4BC5-A613-B441B0F51A8D}.Debug|x64.Build.0 = Debug|Any CPU
		{5995BDA4-EECA-4BC5-A613-B441B0F51A8D}.Debug|x86.ActiveCfg = Debug|Any CPU
		{5995BDA4-EECA-4BC5-A613-B441B0F51A8D}.Debug|x86.Build.0 = Debug|Any CPU
		{5995BDA4-EECA-4BC5-A613-B441B0F51A8D}.Release|Any CPU.ActiveCfg = Release|Any CPU
		{5995BDA4-EECA-4BC5-A613-B441B0F51A8D}.Release|Any CPU.Build.0 = Release|Any CPU
		{5995BDA4-EECA-4BC5-A613-B441B0F51A8D}.Release|x64.ActiveCfg = Release|Any CPU
		{5995BDA4-EECA-4BC5-A613-B441B0F51A8D}.Release|x64.Build.0 = Release|Any CPU
		{5995BDA4-EECA-4BC5-A613-B441B0F51A8D}.Release|x86.ActiveCfg = Release|Any CPU
		{5995BDA4-EECA-4BC5-A613-B441B0F51A8D}.Release|x86.Build.0 = Release|Any CPU
		{361DCEFE-ACE9-4F29-8B11-6D8EAC1354F5}.Debug|Any CPU.ActiveCfg = Debug|Any CPU
		{361DCEFE-ACE9-4F29-8B11-6D8EAC1354F5}.Debug|Any CPU.Build.0 = Debug|Any CPU
		{361DCEFE-ACE9-4F29-8B11-6D8EAC1354F5}.Debug|x64.ActiveCfg = Debug|Any CPU
		{361DCEFE-ACE9-4F29-8B11-6D8EAC1354F5}.Debug|x64.Build.0 = Debug|Any CPU
		{361DCEFE-ACE9-4F29-8B11-6D8EAC1354F5}.Debug|x86.ActiveCfg = Debug|Any CPU
		{361DCEFE-ACE9-4F29-8B11-6D8EAC1354F5}.Debug|x86.Build.0 = Debug|Any CPU
		{361DCEFE-ACE9-4F29-8B11-6D8EAC1354F5}.Release|Any CPU.ActiveCfg = Release|Any CPU
		{361DCEFE-ACE9-4F29-8B11-6D8EAC1354F5}.Release|Any CPU.Build.0 = Release|Any CPU
		{361DCEFE-ACE9-4F29-8B11-6D8EAC1354F5}.Release|x64.ActiveCfg = Release|Any CPU
		{361DCEFE-ACE9-4F29-8B11-6D8EAC1354F5}.Release|x64.Build.0 = Release|Any CPU
		{361DCEFE-ACE9-4F29-8B11-6D8EAC1354F5}.Release|x86.ActiveCfg = Release|Any CPU
		{361DCEFE-ACE9-4F29-8B11-6D8EAC1354F5}.Release|x86.Build.0 = Release|Any CPU
		{8F1EE537-D8B6-43CD-A562-5D21E8392E8A}.Debug|Any CPU.ActiveCfg = Debug|Any CPU
		{8F1EE537-D8B6-43CD-A562-5D21E8392E8A}.Debug|Any CPU.Build.0 = Debug|Any CPU
		{8F1EE537-D8B6-43CD-A562-5D21E8392E8A}.Debug|x64.ActiveCfg = Debug|Any CPU
		{8F1EE537-D8B6-43CD-A562-5D21E8392E8A}.Debug|x64.Build.0 = Debug|Any CPU
		{8F1EE537-D8B6-43CD-A562-5D21E8392E8A}.Debug|x86.ActiveCfg = Debug|Any CPU
		{8F1EE537-D8B6-43CD-A562-5D21E8392E8A}.Debug|x86.Build.0 = Debug|Any CPU
		{8F1EE537-D8B6-43CD-A562-5D21E8392E8A}.Release|Any CPU.ActiveCfg = Release|Any CPU
		{8F1EE537-D8B6-43CD-A562-5D21E8392E8A}.Release|Any CPU.Build.0 = Release|Any CPU
		{8F1EE537-D8B6-43CD-A562-5D21E8392E8A}.Release|x64.ActiveCfg = Release|Any CPU
		{8F1EE537-D8B6-43CD-A562-5D21E8392E8A}.Release|x64.Build.0 = Release|Any CPU
		{8F1EE537-D8B6-43CD-A562-5D21E8392E8A}.Release|x86.ActiveCfg = Release|Any CPU
		{8F1EE537-D8B6-43CD-A562-5D21E8392E8A}.Release|x86.Build.0 = Release|Any CPU
		{A6F2316E-1401-4FCF-8E8A-34219F2886E3}.Debug|Any CPU.ActiveCfg = Debug|Any CPU
		{A6F2316E-1401-4FCF-8E8A-34219F2886E3}.Debug|Any CPU.Build.0 = Debug|Any CPU
		{A6F2316E-1401-4FCF-8E8A-34219F2886E3}.Debug|x64.ActiveCfg = Debug|Any CPU
		{A6F2316E-1401-4FCF-8E8A-34219F2886E3}.Debug|x64.Build.0 = Debug|Any CPU
		{A6F2316E-1401-4FCF-8E8A-34219F2886E3}.Debug|x86.ActiveCfg = Debug|Any CPU
		{A6F2316E-1401-4FCF-8E8A-34219F2886E3}.Debug|x86.Build.0 = Debug|Any CPU
		{A6F2316E-1401-4FCF-8E8A-34219F2886E3}.Release|Any CPU.ActiveCfg = Release|Any CPU
		{A6F2316E-1401-4FCF-8E8A-34219F2886E3}.Release|Any CPU.Build.0 = Release|Any CPU
		{A6F2316E-1401-4FCF-8E8A-34219F2886E3}.Release|x64.ActiveCfg = Release|Any CPU
		{A6F2316E-1401-4FCF-8E8A-34219F2886E3}.Release|x64.Build.0 = Release|Any CPU
		{A6F2316E-1401-4FCF-8E8A-34219F2886E3}.Release|x86.ActiveCfg = Release|Any CPU
		{A6F2316E-1401-4FCF-8E8A-34219F2886E3}.Release|x86.Build.0 = Release|Any CPU
		{FDD6F50A-3D8C-462F-9882-D08A7F3C9CAA}.Debug|Any CPU.ActiveCfg = Debug|Any CPU
		{FDD6F50A-3D8C-462F-9882-D08A7F3C9CAA}.Debug|Any CPU.Build.0 = Debug|Any CPU
		{FDD6F50A-3D8C-462F-9882-D08A7F3C9CAA}.Debug|x64.ActiveCfg = Debug|Any CPU
		{FDD6F50A-3D8C-462F-9882-D08A7F3C9CAA}.Debug|x64.Build.0 = Debug|Any CPU
		{FDD6F50A-3D8C-462F-9882-D08A7F3C9CAA}.Debug|x86.ActiveCfg = Debug|Any CPU
		{FDD6F50A-3D8C-462F-9882-D08A7F3C9CAA}.Debug|x86.Build.0 = Debug|Any CPU
		{FDD6F50A-3D8C-462F-9882-D08A7F3C9CAA}.Release|Any CPU.ActiveCfg = Release|Any CPU
		{FDD6F50A-3D8C-462F-9882-D08A7F3C9CAA}.Release|Any CPU.Build.0 = Release|Any CPU
		{FDD6F50A-3D8C-462F-9882-D08A7F3C9CAA}.Release|x64.ActiveCfg = Release|Any CPU
		{FDD6F50A-3D8C-462F-9882-D08A7F3C9CAA}.Release|x64.Build.0 = Release|Any CPU
		{FDD6F50A-3D8C-462F-9882-D08A7F3C9CAA}.Release|x86.ActiveCfg = Release|Any CPU
		{FDD6F50A-3D8C-462F-9882-D08A7F3C9CAA}.Release|x86.Build.0 = Release|Any CPU
		{695CE62C-49EA-482D-A10D-BD8993F85088}.Debug|Any CPU.ActiveCfg = Debug|Any CPU
		{695CE62C-49EA-482D-A10D-BD8993F85088}.Debug|Any CPU.Build.0 = Debug|Any CPU
		{695CE62C-49EA-482D-A10D-BD8993F85088}.Debug|x64.ActiveCfg = Debug|Any CPU
		{695CE62C-49EA-482D-A10D-BD8993F85088}.Debug|x64.Build.0 = Debug|Any CPU
		{695CE62C-49EA-482D-A10D-BD8993F85088}.Debug|x86.ActiveCfg = Debug|Any CPU
		{695CE62C-49EA-482D-A10D-BD8993F85088}.Debug|x86.Build.0 = Debug|Any CPU
		{695CE62C-49EA-482D-A10D-BD8993F85088}.Release|Any CPU.ActiveCfg = Release|Any CPU
		{695CE62C-49EA-482D-A10D-BD8993F85088}.Release|Any CPU.Build.0 = Release|Any CPU
		{695CE62C-49EA-482D-A10D-BD8993F85088}.Release|x64.ActiveCfg = Release|Any CPU
		{695CE62C-49EA-482D-A10D-BD8993F85088}.Release|x64.Build.0 = Release|Any CPU
		{695CE62C-49EA-482D-A10D-BD8993F85088}.Release|x86.ActiveCfg = Release|Any CPU
		{695CE62C-49EA-482D-A10D-BD8993F85088}.Release|x86.Build.0 = Release|Any CPU
		{5496A8F5-DF5F-4868-93EE-3C7B1379CED6}.Debug|Any CPU.ActiveCfg = Debug|Any CPU
		{5496A8F5-DF5F-4868-93EE-3C7B1379CED6}.Debug|Any CPU.Build.0 = Debug|Any CPU
		{5496A8F5-DF5F-4868-93EE-3C7B1379CED6}.Debug|x64.ActiveCfg = Debug|Any CPU
		{5496A8F5-DF5F-4868-93EE-3C7B1379CED6}.Debug|x64.Build.0 = Debug|Any CPU
		{5496A8F5-DF5F-4868-93EE-3C7B1379CED6}.Debug|x86.ActiveCfg = Debug|Any CPU
		{5496A8F5-DF5F-4868-93EE-3C7B1379CED6}.Debug|x86.Build.0 = Debug|Any CPU
		{5496A8F5-DF5F-4868-93EE-3C7B1379CED6}.Release|Any CPU.ActiveCfg = Release|Any CPU
		{5496A8F5-DF5F-4868-93EE-3C7B1379CED6}.Release|Any CPU.Build.0 = Release|Any CPU
		{5496A8F5-DF5F-4868-93EE-3C7B1379CED6}.Release|x64.ActiveCfg = Release|Any CPU
		{5496A8F5-DF5F-4868-93EE-3C7B1379CED6}.Release|x64.Build.0 = Release|Any CPU
		{5496A8F5-DF5F-4868-93EE-3C7B1379CED6}.Release|x86.ActiveCfg = Release|Any CPU
		{5496A8F5-DF5F-4868-93EE-3C7B1379CED6}.Release|x86.Build.0 = Release|Any CPU
		{520B5272-F5D2-4B45-8EAF-9B1391FCBC3A}.Debug|Any CPU.ActiveCfg = Debug|Any CPU
		{520B5272-F5D2-4B45-8EAF-9B1391FCBC3A}.Debug|Any CPU.Build.0 = Debug|Any CPU
		{520B5272-F5D2-4B45-8EAF-9B1391FCBC3A}.Debug|x64.ActiveCfg = Debug|Any CPU
		{520B5272-F5D2-4B45-8EAF-9B1391FCBC3A}.Debug|x64.Build.0 = Debug|Any CPU
		{520B5272-F5D2-4B45-8EAF-9B1391FCBC3A}.Debug|x86.ActiveCfg = Debug|Any CPU
		{520B5272-F5D2-4B45-8EAF-9B1391FCBC3A}.Debug|x86.Build.0 = Debug|Any CPU
		{520B5272-F5D2-4B45-8EAF-9B1391FCBC3A}.Release|Any CPU.ActiveCfg = Release|Any CPU
		{520B5272-F5D2-4B45-8EAF-9B1391FCBC3A}.Release|Any CPU.Build.0 = Release|Any CPU
		{520B5272-F5D2-4B45-8EAF-9B1391FCBC3A}.Release|x64.ActiveCfg = Release|Any CPU
		{520B5272-F5D2-4B45-8EAF-9B1391FCBC3A}.Release|x64.Build.0 = Release|Any CPU
		{520B5272-F5D2-4B45-8EAF-9B1391FCBC3A}.Release|x86.ActiveCfg = Release|Any CPU
		{520B5272-F5D2-4B45-8EAF-9B1391FCBC3A}.Release|x86.Build.0 = Release|Any CPU
		{D72C7507-1014-4FFD-BB61-F03E2B9180EC}.Debug|Any CPU.ActiveCfg = Debug|Any CPU
		{D72C7507-1014-4FFD-BB61-F03E2B9180EC}.Debug|Any CPU.Build.0 = Debug|Any CPU
		{D72C7507-1014-4FFD-BB61-F03E2B9180EC}.Debug|x64.ActiveCfg = Debug|Any CPU
		{D72C7507-1014-4FFD-BB61-F03E2B9180EC}.Debug|x64.Build.0 = Debug|Any CPU
		{D72C7507-1014-4FFD-BB61-F03E2B9180EC}.Debug|x86.ActiveCfg = Debug|Any CPU
		{D72C7507-1014-4FFD-BB61-F03E2B9180EC}.Debug|x86.Build.0 = Debug|Any CPU
		{D72C7507-1014-4FFD-BB61-F03E2B9180EC}.Release|Any CPU.ActiveCfg = Release|Any CPU
		{D72C7507-1014-4FFD-BB61-F03E2B9180EC}.Release|Any CPU.Build.0 = Release|Any CPU
		{D72C7507-1014-4FFD-BB61-F03E2B9180EC}.Release|x64.ActiveCfg = Release|Any CPU
		{D72C7507-1014-4FFD-BB61-F03E2B9180EC}.Release|x64.Build.0 = Release|Any CPU
		{D72C7507-1014-4FFD-BB61-F03E2B9180EC}.Release|x86.ActiveCfg = Release|Any CPU
		{D72C7507-1014-4FFD-BB61-F03E2B9180EC}.Release|x86.Build.0 = Release|Any CPU
	EndGlobalSection
	GlobalSection(SolutionProperties) = preSolution
		HideSolutionNode = FALSE
	EndGlobalSection
	GlobalSection(NestedProjects) = preSolution
		{8F1EE537-D8B6-43CD-A562-5D21E8392E8A} = {04252BA6-B404-FD3B-81B5-D989EEE58EED}
		{A6F2316E-1401-4FCF-8E8A-34219F2886E3} = {04252BA6-B404-FD3B-81B5-D989EEE58EED}
		{FDD6F50A-3D8C-462F-9882-D08A7F3C9CAA} = {04252BA6-B404-FD3B-81B5-D989EEE58EED}
		{695CE62C-49EA-482D-A10D-BD8993F85088} = {DAD03CFC-D5FA-AC94-41C7-9ABAB326F09E}
		{5496A8F5-DF5F-4868-93EE-3C7B1379CED6} = {DAD03CFC-D5FA-AC94-41C7-9ABAB326F09E}
		{520B5272-F5D2-4B45-8EAF-9B1391FCBC3A} = {DAD03CFC-D5FA-AC94-41C7-9ABAB326F09E}
		{D72C7507-1014-4FFD-BB61-F03E2B9180EC} = {DAD03CFC-D5FA-AC94-41C7-9ABAB326F09E}
	EndGlobalSection
EndGlobal
